
Microsoft Visual Studio Solution File, Format Version 12.00
# Visual Studio Version 17
VisualStudioVersion = 17.2.32616.157
MinimumVisualStudioVersion = 10.0.40219.1
Project("{FAE04EC0-301F-11D3-BF4B-00C04F79EFBC}") = "Degiskenler", "Degiskenler\Degiskenler.csproj", "{9C36B57D-DD80-4320-93E0-70FD7DA72037}"
EndProject
Global
	GlobalSection(SolutionConfigurationPlatforms) = preSolution
		Debug|Any CPU = Debug|Any CPU
		Release|Any CPU = Release|Any CPU
	EndGlobalSection
	GlobalSection(ProjectConfigurationPlatforms) = postSolution
		{9C36B57D-DD80-4320-93E0-70FD7DA72037}.Debug|Any CPU.ActiveCfg = Debug|Any CPU
		{9C36B57D-DD80-4320-93E0-70FD7DA72037}.Debug|Any CPU.Build.0 = Debug|Any CPU
		{9C36B57D-DD80-4320-93E0-70FD7DA72037}.Release|Any CPU.ActiveCfg = Release|Any CPU
		{9C36B57D-DD80-4320-93E0-70FD7DA72037}.Release|Any CPU.Build.0 = Release|Any CPU
	EndGlobalSection
	GlobalSection(SolutionProperties) = preSolution
		HideSolutionNode = FALSE
	EndGlobalSection
	GlobalSection(ExtensibilityGlobals) = postSolution
		SolutionGuid = {CC7B3621-CC5A-4003-9C82-BED1E9BF4B72}
	EndGlobalSection
EndGlobal
